// !$*UTF8*$!
{
	archiveVersion = 1;
	classes = {
	};
	objectVersion = 46;
	objects = {

/* Begin PBXBuildFile section */
		7317777C1C68D44600806D29 /* AboutPresenter.swift in Sources */ = {isa = PBXBuildFile; fileRef = 731777741C68D0CF00806D29 /* AboutPresenter.swift */; };
		7317777D1C68D44B00806D29 /* MockViewController.swift in Sources */ = {isa = PBXBuildFile; fileRef = 731777761C68D0F000806D29 /* MockViewController.swift */; };
		7317777E1C68D44F00806D29 /* MockViewModel.swift in Sources */ = {isa = PBXBuildFile; fileRef = 731777781C68D14900806D29 /* MockViewModel.swift */; };
		7317777F1C68D45400806D29 /* MockView.xib in Resources */ = {isa = PBXBuildFile; fileRef = 7317777A1C68D25E00806D29 /* MockView.xib */; };
		731777811C68D88800806D29 /* NavigationPresenter.swift in Sources */ = {isa = PBXBuildFile; fileRef = 731777801C68D88800806D29 /* NavigationPresenter.swift */; };
		731777831C68D8CB00806D29 /* TabBarPresenter.swift in Sources */ = {isa = PBXBuildFile; fileRef = 731777821C68D8CB00806D29 /* TabBarPresenter.swift */; };
		731777851C68D90F00806D29 /* Step2Presenter.swift in Sources */ = {isa = PBXBuildFile; fileRef = 731777841C68D90F00806D29 /* Step2Presenter.swift */; };
		731836D81C5D867B00D5E1C6 /* FeatherweightRouter.h in Headers */ = {isa = PBXBuildFile; fileRef = 731836C51C5D867B00D5E1C6 /* FeatherweightRouter.h */; settings = {ATTRIBUTES = (Public, ); }; };
		731837011C5D87ED00D5E1C6 /* Array+pickFirst.swift in Sources */ = {isa = PBXBuildFile; fileRef = 731836F81C5D87ED00D5E1C6 /* Array+pickFirst.swift */; };
		731837031C5D87ED00D5E1C6 /* Router+junction.swift in Sources */ = {isa = PBXBuildFile; fileRef = 731836FA1C5D87ED00D5E1C6 /* Router+junction.swift */; };
		731837051C5D87ED00D5E1C6 /* Router+route.swift in Sources */ = {isa = PBXBuildFile; fileRef = 731836FC1C5D87ED00D5E1C6 /* Router+route.swift */; };
		731837061C5D87ED00D5E1C6 /* Router.swift in Sources */ = {isa = PBXBuildFile; fileRef = 731836FD1C5D87ED00D5E1C6 /* Router.swift */; };
		731837071C5D87ED00D5E1C6 /* Presenter.swift in Sources */ = {isa = PBXBuildFile; fileRef = 731836FE1C5D87ED00D5E1C6 /* Presenter.swift */; };
		731837081C5D87ED00D5E1C6 /* Router+stack.swift in Sources */ = {isa = PBXBuildFile; fileRef = 731836FF1C5D87ED00D5E1C6 /* Router+stack.swift */; };
		7318370D1C5D95D500D5E1C6 /* ArrayPickFirstTests.swift in Sources */ = {isa = PBXBuildFile; fileRef = 7318370C1C5D95D500D5E1C6 /* ArrayPickFirstTests.swift */; };
		7349E77D1C3DD798004A507B /* FeatherweightRouter.framework in Frameworks */ = {isa = PBXBuildFile; fileRef = 7349E73F1C3DD665004A507B /* FeatherweightRouter.framework */; };
		7349E79C1C3DD963004A507B /* AppDelegate.swift in Sources */ = {isa = PBXBuildFile; fileRef = 7349E79B1C3DD963004A507B /* AppDelegate.swift */; };
		7349E7B01C3DDA47004A507B /* Assets.xcassets in Resources */ = {isa = PBXBuildFile; fileRef = 7349E7AC1C3DDA47004A507B /* Assets.xcassets */; };
		7349E7B11C3DDA47004A507B /* LaunchScreen.storyboard in Resources */ = {isa = PBXBuildFile; fileRef = 7349E7AD1C3DDA47004A507B /* LaunchScreen.storyboard */; };
		7349E7B71C3DDAD2004A507B /* AppCoordinator.swift in Sources */ = {isa = PBXBuildFile; fileRef = 7349E7B31C3DDAD2004A507B /* AppCoordinator.swift */; };
		7349E7B91C3DDAD2004A507B /* AppStore.swift in Sources */ = {isa = PBXBuildFile; fileRef = 7349E7B51C3DDAD2004A507B /* AppStore.swift */; };
		7349E7BA1C3DDAD2004A507B /* WelcomePresenter.swift in Sources */ = {isa = PBXBuildFile; fileRef = 7349E7B61C3DDAD2004A507B /* WelcomePresenter.swift */; };
		73612BC21C3E129100FD841A /* LoginPresenter.swift in Sources */ = {isa = PBXBuildFile; fileRef = 73612BC01C3E126F00FD841A /* LoginPresenter.swift */; };
		73612BC51C3E13BD00FD841A /* RegistrationPresenter.swift in Sources */ = {isa = PBXBuildFile; fileRef = 73612BC31C3E13B100FD841A /* RegistrationPresenter.swift */; };
		737DC1341D0E68A000704F6C /* RouterRouteTests.swift in Sources */ = {isa = PBXBuildFile; fileRef = 737DC1331D0E68A000704F6C /* RouterRouteTests.swift */; };
		737DC1351D0E68A000704F6C /* RouterRouteTests.swift in Sources */ = {isa = PBXBuildFile; fileRef = 737DC1331D0E68A000704F6C /* RouterRouteTests.swift */; };
		737DC1371D0E918F00704F6C /* RouterStackTests.swift in Sources */ = {isa = PBXBuildFile; fileRef = 737DC1361D0E918F00704F6C /* RouterStackTests.swift */; };
		737DC1381D0E918F00704F6C /* RouterStackTests.swift in Sources */ = {isa = PBXBuildFile; fileRef = 737DC1361D0E918F00704F6C /* RouterStackTests.swift */; };
		737DC13A1D0EA46800704F6C /* CachedPresenter.swift in Sources */ = {isa = PBXBuildFile; fileRef = 737DC1391D0EA46800704F6C /* CachedPresenter.swift */; };
		737DC13B1D0EA46800704F6C /* CachedPresenter.swift in Sources */ = {isa = PBXBuildFile; fileRef = 737DC1391D0EA46800704F6C /* CachedPresenter.swift */; };
		737DC13D1D0EA69300704F6C /* CachedPresenterTests.swift in Sources */ = {isa = PBXBuildFile; fileRef = 737DC13C1D0EA69300704F6C /* CachedPresenterTests.swift */; };
		737DC13E1D0EA69300704F6C /* CachedPresenterTests.swift in Sources */ = {isa = PBXBuildFile; fileRef = 737DC13C1D0EA69300704F6C /* CachedPresenterTests.swift */; };
		737DF5A11D0D63A900614CC0 /* PresenterTests.swift in Sources */ = {isa = PBXBuildFile; fileRef = 737DF5A01D0D63A900614CC0 /* PresenterTests.swift */; };
		737DF5B11D0D6EB200614CC0 /* FeatherweightRouter.framework in Frameworks */ = {isa = PBXBuildFile; fileRef = 737DF5A71D0D6EB200614CC0 /* FeatherweightRouter.framework */; };
		737DF5BE1D0D6F2200614CC0 /* Array+pickFirst.swift in Sources */ = {isa = PBXBuildFile; fileRef = 731836F81C5D87ED00D5E1C6 /* Array+pickFirst.swift */; };
		737DF5BF1D0D6F2900614CC0 /* ArrayPickFirstTests.swift in Sources */ = {isa = PBXBuildFile; fileRef = 7318370C1C5D95D500D5E1C6 /* ArrayPickFirstTests.swift */; };
		737DF5C01D0D6F2900614CC0 /* PresenterTests.swift in Sources */ = {isa = PBXBuildFile; fileRef = 737DF5A01D0D63A900614CC0 /* PresenterTests.swift */; };
		737DF5C11D0D6F2900614CC0 /* RouterTests.swift in Sources */ = {isa = PBXBuildFile; fileRef = 738389061C5D9889001F844F /* RouterTests.swift */; };
		737DF5C21D0D6F2900614CC0 /* StringRegexMatchTests.swift in Sources */ = {isa = PBXBuildFile; fileRef = 738389041C5D978E001F844F /* StringRegexMatchTests.swift */; };
		737DF5C31D0D6FB700614CC0 /* Presenter.swift in Sources */ = {isa = PBXBuildFile; fileRef = 731836FE1C5D87ED00D5E1C6 /* Presenter.swift */; };
		737DF5C41D0D6FC400614CC0 /* Router.swift in Sources */ = {isa = PBXBuildFile; fileRef = 731836FD1C5D87ED00D5E1C6 /* Router.swift */; };
		737DF5C51D0D6FC400614CC0 /* Router+junction.swift in Sources */ = {isa = PBXBuildFile; fileRef = 731836FA1C5D87ED00D5E1C6 /* Router+junction.swift */; };
		737DF5C61D0D6FC400614CC0 /* Router+route.swift in Sources */ = {isa = PBXBuildFile; fileRef = 731836FC1C5D87ED00D5E1C6 /* Router+route.swift */; };
		737DF5C71D0D6FC400614CC0 /* Router+stack.swift in Sources */ = {isa = PBXBuildFile; fileRef = 731836FF1C5D87ED00D5E1C6 /* Router+stack.swift */; };
		737DF5CA1D0DA20400614CC0 /* RouterJunctionTests.swift in Sources */ = {isa = PBXBuildFile; fileRef = 737DF5C91D0DA20400614CC0 /* RouterJunctionTests.swift */; };
		737DF5CB1D0DA20400614CC0 /* RouterJunctionTests.swift in Sources */ = {isa = PBXBuildFile; fileRef = 737DF5C91D0DA20400614CC0 /* RouterJunctionTests.swift */; };
		738389051C5D978E001F844F /* StringRegexMatchTests.swift in Sources */ = {isa = PBXBuildFile; fileRef = 738389041C5D978E001F844F /* StringRegexMatchTests.swift */; };
		738389071C5D9889001F844F /* RouterTests.swift in Sources */ = {isa = PBXBuildFile; fileRef = 738389061C5D9889001F844F /* RouterTests.swift */; };
		7386DBB91C5F50FF00D385A9 /* WelcomeView.xib in Resources */ = {isa = PBXBuildFile; fileRef = 7386DBB81C5F50FF00D385A9 /* WelcomeView.xib */; };
		7386DBBD1C5F5C3E00D385A9 /* UIKit+Extensions.swift in Sources */ = {isa = PBXBuildFile; fileRef = 7386DBBC1C5F5C3E00D385A9 /* UIKit+Extensions.swift */; };
		73ED16781C3E2E44003B3827 /* WelcomeViewModel.swift in Sources */ = {isa = PBXBuildFile; fileRef = 73ED16771C3E2E44003B3827 /* WelcomeViewModel.swift */; };
		73ED167A1C3E2E65003B3827 /* WelcomeViewController.swift in Sources */ = {isa = PBXBuildFile; fileRef = 73ED16791C3E2E65003B3827 /* WelcomeViewController.swift */; };
/* End PBXBuildFile section */

/* Begin PBXContainerItemProxy section */
		7349E77E1C3DD798004A507B /* PBXContainerItemProxy */ = {
			isa = PBXContainerItemProxy;
			containerPortal = 7349E7361C3DD665004A507B /* Project object */;
			proxyType = 1;
			remoteGlobalIDString = 7349E73E1C3DD665004A507B;
			remoteInfo = FeatherweightRouter;
		};
		737DF5B21D0D6EB200614CC0 /* PBXContainerItemProxy */ = {
			isa = PBXContainerItemProxy;
			containerPortal = 7349E7361C3DD665004A507B /* Project object */;
			proxyType = 1;
			remoteGlobalIDString = 737DF5A61D0D6EB200614CC0;
			remoteInfo = "FeatherweightRouter-macOS";
		};
/* End PBXContainerItemProxy section */

/* Begin PBXFileReference section */
		731777741C68D0CF00806D29 /* AboutPresenter.swift */ = {isa = PBXFileReference; fileEncoding = 4; lastKnownFileType = sourcecode.swift; path = AboutPresenter.swift; sourceTree = "<group>"; };
		731777761C68D0F000806D29 /* MockViewController.swift */ = {isa = PBXFileReference; fileEncoding = 4; lastKnownFileType = sourcecode.swift; path = MockViewController.swift; sourceTree = "<group>"; };
		731777781C68D14900806D29 /* MockViewModel.swift */ = {isa = PBXFileReference; fileEncoding = 4; lastKnownFileType = sourcecode.swift; path = MockViewModel.swift; sourceTree = "<group>"; };
		7317777A1C68D25E00806D29 /* MockView.xib */ = {isa = PBXFileReference; fileEncoding = 4; lastKnownFileType = file.xib; path = MockView.xib; sourceTree = "<group>"; };
		731777801C68D88800806D29 /* NavigationPresenter.swift */ = {isa = PBXFileReference; fileEncoding = 4; lastKnownFileType = sourcecode.swift; path = NavigationPresenter.swift; sourceTree = "<group>"; };
		731777821C68D8CB00806D29 /* TabBarPresenter.swift */ = {isa = PBXFileReference; fileEncoding = 4; lastKnownFileType = sourcecode.swift; path = TabBarPresenter.swift; sourceTree = "<group>"; };
		731777841C68D90F00806D29 /* Step2Presenter.swift */ = {isa = PBXFileReference; fileEncoding = 4; lastKnownFileType = sourcecode.swift; path = Step2Presenter.swift; sourceTree = "<group>"; };
		731836C51C5D867B00D5E1C6 /* FeatherweightRouter.h */ = {isa = PBXFileReference; fileEncoding = 4; lastKnownFileType = sourcecode.c.h; path = FeatherweightRouter.h; sourceTree = "<group>"; };
		731836C61C5D867B00D5E1C6 /* Info.plist */ = {isa = PBXFileReference; fileEncoding = 4; lastKnownFileType = text.plist.xml; path = Info.plist; sourceTree = "<group>"; };
		731836E91C5D86E600D5E1C6 /* Info.plist */ = {isa = PBXFileReference; fileEncoding = 4; lastKnownFileType = text.plist.xml; path = Info.plist; sourceTree = "<group>"; };
		731836F81C5D87ED00D5E1C6 /* Array+pickFirst.swift */ = {isa = PBXFileReference; fileEncoding = 4; lastKnownFileType = sourcecode.swift; path = "Array+pickFirst.swift"; sourceTree = "<group>"; };
		731836FA1C5D87ED00D5E1C6 /* Router+junction.swift */ = {isa = PBXFileReference; fileEncoding = 4; lastKnownFileType = sourcecode.swift; path = "Router+junction.swift"; sourceTree = "<group>"; };
		731836FC1C5D87ED00D5E1C6 /* Router+route.swift */ = {isa = PBXFileReference; fileEncoding = 4; lastKnownFileType = sourcecode.swift; path = "Router+route.swift"; sourceTree = "<group>"; };
		731836FD1C5D87ED00D5E1C6 /* Router.swift */ = {isa = PBXFileReference; fileEncoding = 4; lastKnownFileType = sourcecode.swift; path = Router.swift; sourceTree = "<group>"; };
		731836FE1C5D87ED00D5E1C6 /* Presenter.swift */ = {isa = PBXFileReference; fileEncoding = 4; lastKnownFileType = sourcecode.swift; path = Presenter.swift; sourceTree = "<group>"; };
		731836FF1C5D87ED00D5E1C6 /* Router+stack.swift */ = {isa = PBXFileReference; fileEncoding = 4; lastKnownFileType = sourcecode.swift; path = "Router+stack.swift"; sourceTree = "<group>"; };
		7318370C1C5D95D500D5E1C6 /* ArrayPickFirstTests.swift */ = {isa = PBXFileReference; fileEncoding = 4; lastKnownFileType = sourcecode.swift; path = ArrayPickFirstTests.swift; sourceTree = "<group>"; };
		7349E73F1C3DD665004A507B /* FeatherweightRouter.framework */ = {isa = PBXFileReference; explicitFileType = wrapper.framework; includeInIndex = 0; path = FeatherweightRouter.framework; sourceTree = BUILT_PRODUCTS_DIR; };
		7349E7781C3DD798004A507B /* FeatherweightRouterTests.xctest */ = {isa = PBXFileReference; explicitFileType = wrapper.cfbundle; includeInIndex = 0; path = FeatherweightRouterTests.xctest; sourceTree = BUILT_PRODUCTS_DIR; };
		7349E7991C3DD963004A507B /* FeatherweightRouterDemo.app */ = {isa = PBXFileReference; explicitFileType = wrapper.application; includeInIndex = 0; path = FeatherweightRouterDemo.app; sourceTree = BUILT_PRODUCTS_DIR; };
		7349E79B1C3DD963004A507B /* AppDelegate.swift */ = {isa = PBXFileReference; lastKnownFileType = sourcecode.swift; path = AppDelegate.swift; sourceTree = "<group>"; };
		7349E7AC1C3DDA47004A507B /* Assets.xcassets */ = {isa = PBXFileReference; lastKnownFileType = folder.assetcatalog; path = Assets.xcassets; sourceTree = "<group>"; };
		7349E7AE1C3DDA47004A507B /* Base */ = {isa = PBXFileReference; lastKnownFileType = file.storyboard; name = Base; path = Base.lproj/LaunchScreen.storyboard; sourceTree = "<group>"; };
		7349E7AF1C3DDA47004A507B /* Info.plist */ = {isa = PBXFileReference; fileEncoding = 4; lastKnownFileType = text.plist.xml; path = Info.plist; sourceTree = "<group>"; };
		7349E7B31C3DDAD2004A507B /* AppCoordinator.swift */ = {isa = PBXFileReference; fileEncoding = 4; lastKnownFileType = sourcecode.swift; path = AppCoordinator.swift; sourceTree = "<group>"; };
		7349E7B51C3DDAD2004A507B /* AppStore.swift */ = {isa = PBXFileReference; fileEncoding = 4; lastKnownFileType = sourcecode.swift; path = AppStore.swift; sourceTree = "<group>"; };
		7349E7B61C3DDAD2004A507B /* WelcomePresenter.swift */ = {isa = PBXFileReference; fileEncoding = 4; lastKnownFileType = sourcecode.swift; path = WelcomePresenter.swift; sourceTree = "<group>"; };
		73612BC01C3E126F00FD841A /* LoginPresenter.swift */ = {isa = PBXFileReference; fileEncoding = 4; lastKnownFileType = sourcecode.swift; path = LoginPresenter.swift; sourceTree = "<group>"; };
		73612BC31C3E13B100FD841A /* RegistrationPresenter.swift */ = {isa = PBXFileReference; fileEncoding = 4; lastKnownFileType = sourcecode.swift; path = RegistrationPresenter.swift; sourceTree = "<group>"; };
		737DC1331D0E68A000704F6C /* RouterRouteTests.swift */ = {isa = PBXFileReference; fileEncoding = 4; lastKnownFileType = sourcecode.swift; path = RouterRouteTests.swift; sourceTree = "<group>"; };
		737DC1361D0E918F00704F6C /* RouterStackTests.swift */ = {isa = PBXFileReference; fileEncoding = 4; lastKnownFileType = sourcecode.swift; path = RouterStackTests.swift; sourceTree = "<group>"; };
		737DC1391D0EA46800704F6C /* CachedPresenter.swift */ = {isa = PBXFileReference; fileEncoding = 4; lastKnownFileType = sourcecode.swift; path = CachedPresenter.swift; sourceTree = "<group>"; };
		737DC13C1D0EA69300704F6C /* CachedPresenterTests.swift */ = {isa = PBXFileReference; fileEncoding = 4; lastKnownFileType = sourcecode.swift; path = CachedPresenterTests.swift; sourceTree = "<group>"; };
		737DC1401D0EAAE400704F6C /* .gitignore */ = {isa = PBXFileReference; lastKnownFileType = text; path = .gitignore; sourceTree = "<group>"; };
		737DC1411D0EAAE400704F6C /* .hound.yml */ = {isa = PBXFileReference; lastKnownFileType = text; path = .hound.yml; sourceTree = "<group>"; };
		737DC1421D0EAAE400704F6C /* .jazzy.json */ = {isa = PBXFileReference; lastKnownFileType = text.json; path = .jazzy.json; sourceTree = "<group>"; };
		737DC1431D0EAAE400704F6C /* .swiftlint.yml */ = {isa = PBXFileReference; lastKnownFileType = text; path = .swiftlint.yml; sourceTree = "<group>"; };
		737DC1441D0EAAE400704F6C /* .travis.yml */ = {isa = PBXFileReference; lastKnownFileType = text; path = .travis.yml; sourceTree = "<group>"; };
		737DC1451D0EAAE400704F6C /* CHANGELOG.md */ = {isa = PBXFileReference; lastKnownFileType = net.daringfireball.markdown; path = CHANGELOG.md; sourceTree = "<group>"; };
		737DC1461D0EAAE400704F6C /* LICENSE */ = {isa = PBXFileReference; lastKnownFileType = text; path = LICENSE; sourceTree = "<group>"; };
		737DC1471D0EAAE400704F6C /* Package.swift */ = {isa = PBXFileReference; lastKnownFileType = sourcecode.swift; path = Package.swift; sourceTree = "<group>"; };
		737DC1481D0EAAE400704F6C /* README.md */ = {isa = PBXFileReference; lastKnownFileType = net.daringfireball.markdown; path = README.md; sourceTree = "<group>"; };
		737DF5A01D0D63A900614CC0 /* PresenterTests.swift */ = {isa = PBXFileReference; fileEncoding = 4; lastKnownFileType = sourcecode.swift; path = PresenterTests.swift; sourceTree = "<group>"; };
		737DF5A71D0D6EB200614CC0 /* FeatherweightRouter.framework */ = {isa = PBXFileReference; explicitFileType = wrapper.framework; includeInIndex = 0; path = FeatherweightRouter.framework; sourceTree = BUILT_PRODUCTS_DIR; };
		737DF5B01D0D6EB200614CC0 /* FeatherweightRouterTests-macOS.xctest */ = {isa = PBXFileReference; explicitFileType = wrapper.cfbundle; includeInIndex = 0; path = "FeatherweightRouterTests-macOS.xctest"; sourceTree = BUILT_PRODUCTS_DIR; };
		737DF5C91D0DA20400614CC0 /* RouterJunctionTests.swift */ = {isa = PBXFileReference; fileEncoding = 4; lastKnownFileType = sourcecode.swift; path = RouterJunctionTests.swift; sourceTree = "<group>"; };
		738389041C5D978E001F844F /* StringRegexMatchTests.swift */ = {isa = PBXFileReference; fileEncoding = 4; lastKnownFileType = sourcecode.swift; path = StringRegexMatchTests.swift; sourceTree = "<group>"; };
		738389061C5D9889001F844F /* RouterTests.swift */ = {isa = PBXFileReference; fileEncoding = 4; lastKnownFileType = sourcecode.swift; path = RouterTests.swift; sourceTree = "<group>"; };
		7386DBB81C5F50FF00D385A9 /* WelcomeView.xib */ = {isa = PBXFileReference; fileEncoding = 4; lastKnownFileType = file.xib; path = WelcomeView.xib; sourceTree = "<group>"; };
		7386DBBC1C5F5C3E00D385A9 /* UIKit+Extensions.swift */ = {isa = PBXFileReference; fileEncoding = 4; lastKnownFileType = sourcecode.swift; path = "UIKit+Extensions.swift"; sourceTree = "<group>"; };
		73ED16771C3E2E44003B3827 /* WelcomeViewModel.swift */ = {isa = PBXFileReference; fileEncoding = 4; lastKnownFileType = sourcecode.swift; path = WelcomeViewModel.swift; sourceTree = "<group>"; };
		73ED16791C3E2E65003B3827 /* WelcomeViewController.swift */ = {isa = PBXFileReference; fileEncoding = 4; lastKnownFileType = sourcecode.swift; path = WelcomeViewController.swift; sourceTree = "<group>"; };
/* End PBXFileReference section */

/* Begin PBXFrameworksBuildPhase section */
		7349E73B1C3DD665004A507B /* Frameworks */ = {
			isa = PBXFrameworksBuildPhase;
			buildActionMask = 2147483647;
			files = (
			);
			runOnlyForDeploymentPostprocessing = 0;
		};
		7349E7751C3DD798004A507B /* Frameworks */ = {
			isa = PBXFrameworksBuildPhase;
			buildActionMask = 2147483647;
			files = (
				7349E77D1C3DD798004A507B /* FeatherweightRouter.framework in Frameworks */,
			);
			runOnlyForDeploymentPostprocessing = 0;
		};
		7349E7961C3DD963004A507B /* Frameworks */ = {
			isa = PBXFrameworksBuildPhase;
			buildActionMask = 2147483647;
			files = (
			);
			runOnlyForDeploymentPostprocessing = 0;
		};
		737DF5A31D0D6EB200614CC0 /* Frameworks */ = {
			isa = PBXFrameworksBuildPhase;
			buildActionMask = 2147483647;
			files = (
			);
			runOnlyForDeploymentPostprocessing = 0;
		};
		737DF5AD1D0D6EB200614CC0 /* Frameworks */ = {
			isa = PBXFrameworksBuildPhase;
			buildActionMask = 2147483647;
			files = (
				737DF5B11D0D6EB200614CC0 /* FeatherweightRouter.framework in Frameworks */,
			);
			runOnlyForDeploymentPostprocessing = 0;
		};
/* End PBXFrameworksBuildPhase section */

/* Begin PBXGroup section */
		7349E7351C3DD665004A507B = {
			isa = PBXGroup;
			children = (
				737DC13F1D0EAAC800704F6C /* Support */,
				7349E7411C3DD665004A507B /* Sources */,
				7349E7791C3DD798004A507B /* Tests */,
				7349E79A1C3DD963004A507B /* Demo */,
				7349E7401C3DD665004A507B /* Products */,
			);
			sourceTree = "<group>";
		};
		7349E7401C3DD665004A507B /* Products */ = {
			isa = PBXGroup;
			children = (
				7349E73F1C3DD665004A507B /* FeatherweightRouter.framework */,
				7349E7781C3DD798004A507B /* FeatherweightRouterTests.xctest */,
				7349E7991C3DD963004A507B /* FeatherweightRouterDemo.app */,
				737DF5A71D0D6EB200614CC0 /* FeatherweightRouter.framework */,
				737DF5B01D0D6EB200614CC0 /* FeatherweightRouterTests-macOS.xctest */,
			);
			name = Products;
			sourceTree = "<group>";
		};
		7349E7411C3DD665004A507B /* Sources */ = {
			isa = PBXGroup;
			children = (
				731836C51C5D867B00D5E1C6 /* FeatherweightRouter.h */,
				731836C61C5D867B00D5E1C6 /* Info.plist */,
				731836F81C5D87ED00D5E1C6 /* Array+pickFirst.swift */,
				737DC1391D0EA46800704F6C /* CachedPresenter.swift */,
				731836FE1C5D87ED00D5E1C6 /* Presenter.swift */,
				731836FD1C5D87ED00D5E1C6 /* Router.swift */,
				731836FA1C5D87ED00D5E1C6 /* Router+junction.swift */,
				731836FC1C5D87ED00D5E1C6 /* Router+route.swift */,
				731836FF1C5D87ED00D5E1C6 /* Router+stack.swift */,
			);
			path = Sources;
			sourceTree = "<group>";
		};
		7349E7791C3DD798004A507B /* Tests */ = {
			isa = PBXGroup;
			children = (
				731836E91C5D86E600D5E1C6 /* Info.plist */,
				7318370C1C5D95D500D5E1C6 /* ArrayPickFirstTests.swift */,
				737DC13C1D0EA69300704F6C /* CachedPresenterTests.swift */,
				737DF5A01D0D63A900614CC0 /* PresenterTests.swift */,
				737DF5C91D0DA20400614CC0 /* RouterJunctionTests.swift */,
				737DC1331D0E68A000704F6C /* RouterRouteTests.swift */,
				737DC1361D0E918F00704F6C /* RouterStackTests.swift */,
				738389061C5D9889001F844F /* RouterTests.swift */,
				738389041C5D978E001F844F /* StringRegexMatchTests.swift */,
			);
			path = Tests;
			sourceTree = "<group>";
		};
		7349E79A1C3DD963004A507B /* Demo */ = {
			isa = PBXGroup;
			children = (
				7349E7B31C3DDAD2004A507B /* AppCoordinator.swift */,
				7349E79B1C3DD963004A507B /* AppDelegate.swift */,
				7349E7B51C3DDAD2004A507B /* AppStore.swift */,
				7386DBBC1C5F5C3E00D385A9 /* UIKit+Extensions.swift */,
				73612BBD1C3DF1A200FD841A /* Presenters */,
				7349E7AB1C3DDA47004A507B /* Supporting Files */,
				73ED16721C3E2DA7003B3827 /* ViewControllers */,
				73ED16731C3E2DA7003B3827 /* ViewModels */,
				73ED16741C3E2DA7003B3827 /* Views */,
			);
			path = Demo;
			sourceTree = "<group>";
		};
		7349E7AB1C3DDA47004A507B /* Supporting Files */ = {
			isa = PBXGroup;
			children = (
				7349E7AC1C3DDA47004A507B /* Assets.xcassets */,
				7349E7AD1C3DDA47004A507B /* LaunchScreen.storyboard */,
				7349E7AF1C3DDA47004A507B /* Info.plist */,
			);
			path = "Supporting Files";
			sourceTree = "<group>";
		};
		73612BBD1C3DF1A200FD841A /* Presenters */ = {
			isa = PBXGroup;
			children = (
				731777741C68D0CF00806D29 /* AboutPresenter.swift */,
				73612BC01C3E126F00FD841A /* LoginPresenter.swift */,
				731777801C68D88800806D29 /* NavigationPresenter.swift */,
				73612BC31C3E13B100FD841A /* RegistrationPresenter.swift */,
				731777841C68D90F00806D29 /* Step2Presenter.swift */,
				731777821C68D8CB00806D29 /* TabBarPresenter.swift */,
				7349E7B61C3DDAD2004A507B /* WelcomePresenter.swift */,
			);
			path = Presenters;
			sourceTree = "<group>";
		};
		737DC13F1D0EAAC800704F6C /* Support */ = {
			isa = PBXGroup;
			children = (
				737DC1401D0EAAE400704F6C /* .gitignore */,
				737DC1411D0EAAE400704F6C /* .hound.yml */,
				737DC1421D0EAAE400704F6C /* .jazzy.json */,
				737DC1431D0EAAE400704F6C /* .swiftlint.yml */,
				737DC1441D0EAAE400704F6C /* .travis.yml */,
				737DC1451D0EAAE400704F6C /* CHANGELOG.md */,
				737DC1461D0EAAE400704F6C /* LICENSE */,
				737DC1471D0EAAE400704F6C /* Package.swift */,
				737DC1481D0EAAE400704F6C /* README.md */,
			);
			name = Support;
			sourceTree = "<group>";
		};
		73ED16721C3E2DA7003B3827 /* ViewControllers */ = {
			isa = PBXGroup;
			children = (
				731777761C68D0F000806D29 /* MockViewController.swift */,
				73ED16791C3E2E65003B3827 /* WelcomeViewController.swift */,
			);
			path = ViewControllers;
			sourceTree = "<group>";
		};
		73ED16731C3E2DA7003B3827 /* ViewModels */ = {
			isa = PBXGroup;
			children = (
				731777781C68D14900806D29 /* MockViewModel.swift */,
				73ED16771C3E2E44003B3827 /* WelcomeViewModel.swift */,
			);
			path = ViewModels;
			sourceTree = "<group>";
		};
		73ED16741C3E2DA7003B3827 /* Views */ = {
			isa = PBXGroup;
			children = (
				7317777A1C68D25E00806D29 /* MockView.xib */,
				7386DBB81C5F50FF00D385A9 /* WelcomeView.xib */,
			);
			path = Views;
			sourceTree = "<group>";
		};
/* End PBXGroup section */

/* Begin PBXHeadersBuildPhase section */
		7349E73C1C3DD665004A507B /* Headers */ = {
			isa = PBXHeadersBuildPhase;
			buildActionMask = 2147483647;
			files = (
				731836D81C5D867B00D5E1C6 /* FeatherweightRouter.h in Headers */,
			);
			runOnlyForDeploymentPostprocessing = 0;
		};
		737DF5A41D0D6EB200614CC0 /* Headers */ = {
			isa = PBXHeadersBuildPhase;
			buildActionMask = 2147483647;
			files = (
			);
			runOnlyForDeploymentPostprocessing = 0;
		};
/* End PBXHeadersBuildPhase section */

/* Begin PBXNativeTarget section */
		7349E73E1C3DD665004A507B /* FeatherweightRouter-iOS */ = {
			isa = PBXNativeTarget;
			buildConfigurationList = 7349E7471C3DD665004A507B /* Build configuration list for PBXNativeTarget "FeatherweightRouter-iOS" */;
			buildPhases = (
				7349E73A1C3DD665004A507B /* Sources */,
				7349E73B1C3DD665004A507B /* Frameworks */,
				7349E73C1C3DD665004A507B /* Headers */,
				7349E73D1C3DD665004A507B /* Resources */,
				731837091C5D887C00D5E1C6 /* SwiftLint */,
			);
			buildRules = (
			);
			dependencies = (
			);
			name = "FeatherweightRouter-iOS";
			productName = FeatherweightRouter;
			productReference = 7349E73F1C3DD665004A507B /* FeatherweightRouter.framework */;
			productType = "com.apple.product-type.framework";
		};
		7349E7771C3DD798004A507B /* FeatherweightRouter-iOSTests */ = {
			isa = PBXNativeTarget;
			buildConfigurationList = 7349E7801C3DD798004A507B /* Build configuration list for PBXNativeTarget "FeatherweightRouter-iOSTests" */;
			buildPhases = (
				7349E7741C3DD798004A507B /* Sources */,
				7349E7751C3DD798004A507B /* Frameworks */,
				7349E7761C3DD798004A507B /* Resources */,
			);
			buildRules = (
			);
			dependencies = (
				7349E77F1C3DD798004A507B /* PBXTargetDependency */,
			);
			name = "FeatherweightRouter-iOSTests";
			productName = FeatherweightRouterTests;
			productReference = 7349E7781C3DD798004A507B /* FeatherweightRouterTests.xctest */;
			productType = "com.apple.product-type.bundle.unit-test";
		};
		7349E7981C3DD963004A507B /* FeatherweightRouter-iOSDemo */ = {
			isa = PBXNativeTarget;
			buildConfigurationList = 7349E7A81C3DD963004A507B /* Build configuration list for PBXNativeTarget "FeatherweightRouter-iOSDemo" */;
			buildPhases = (
				7349E7951C3DD963004A507B /* Sources */,
				7349E7961C3DD963004A507B /* Frameworks */,
				7349E7971C3DD963004A507B /* Resources */,
			);
			buildRules = (
			);
			dependencies = (
			);
			name = "FeatherweightRouter-iOSDemo";
			productName = FeatherweightRouterDemo;
			productReference = 7349E7991C3DD963004A507B /* FeatherweightRouterDemo.app */;
			productType = "com.apple.product-type.application";
		};
		737DF5A61D0D6EB200614CC0 /* FeatherweightRouter-macOS */ = {
			isa = PBXNativeTarget;
			buildConfigurationList = 737DF5B81D0D6EB200614CC0 /* Build configuration list for PBXNativeTarget "FeatherweightRouter-macOS" */;
			buildPhases = (
				737DF5A21D0D6EB200614CC0 /* Sources */,
				737DF5A31D0D6EB200614CC0 /* Frameworks */,
				737DF5A41D0D6EB200614CC0 /* Headers */,
				737DF5A51D0D6EB200614CC0 /* Resources */,
				737DC1491D0EABA800704F6C /* SwiftLint */,
			);
			buildRules = (
			);
			dependencies = (
			);
			name = "FeatherweightRouter-macOS";
			productName = "FeatherweightRouter-macOS";
			productReference = 737DF5A71D0D6EB200614CC0 /* FeatherweightRouter.framework */;
			productType = "com.apple.product-type.framework";
		};
		737DF5AF1D0D6EB200614CC0 /* FeatherweightRouter-macOSTests */ = {
			isa = PBXNativeTarget;
			buildConfigurationList = 737DF5BB1D0D6EB200614CC0 /* Build configuration list for PBXNativeTarget "FeatherweightRouter-macOSTests" */;
			buildPhases = (
				737DF5AC1D0D6EB200614CC0 /* Sources */,
				737DF5AD1D0D6EB200614CC0 /* Frameworks */,
				737DF5AE1D0D6EB200614CC0 /* Resources */,
			);
			buildRules = (
			);
			dependencies = (
				737DF5B31D0D6EB200614CC0 /* PBXTargetDependency */,
			);
			name = "FeatherweightRouter-macOSTests";
			productName = "FeatherweightRouter-macOSTests";
			productReference = 737DF5B01D0D6EB200614CC0 /* FeatherweightRouterTests-macOS.xctest */;
			productType = "com.apple.product-type.bundle.unit-test";
		};
/* End PBXNativeTarget section */

/* Begin PBXProject section */
		7349E7361C3DD665004A507B /* Project object */ = {
			isa = PBXProject;
			attributes = {
				LastSwiftUpdateCheck = 0730;
				LastUpgradeCheck = 0800;
				ORGANIZATIONNAME = "Featherweight Labs";
				TargetAttributes = {
					7349E73E1C3DD665004A507B = {
						CreatedOnToolsVersion = 7.2;
						LastSwiftMigration = 0800;
					};
					7349E7771C3DD798004A507B = {
						CreatedOnToolsVersion = 7.2;
						DevelopmentTeam = 74D9UBS5CF;
						LastSwiftMigration = 0800;
					};
					7349E7981C3DD963004A507B = {
						CreatedOnToolsVersion = 7.2;
						LastSwiftMigration = 0800;
					};
					737DF5A61D0D6EB200614CC0 = {
						CreatedOnToolsVersion = 7.3.1;
						LastSwiftMigration = 0800;
					};
					737DF5AF1D0D6EB200614CC0 = {
						CreatedOnToolsVersion = 7.3.1;
						LastSwiftMigration = 0800;
					};
				};
			};
			buildConfigurationList = 7349E7391C3DD665004A507B /* Build configuration list for PBXProject "FeatherweightRouter" */;
			compatibilityVersion = "Xcode 3.2";
			developmentRegion = English;
			hasScannedForEncodings = 0;
			knownRegions = (
				en,
				Base,
			);
			mainGroup = 7349E7351C3DD665004A507B;
			productRefGroup = 7349E7401C3DD665004A507B /* Products */;
			projectDirPath = "";
			projectRoot = "";
			targets = (
				7349E73E1C3DD665004A507B /* FeatherweightRouter-iOS */,
				7349E7771C3DD798004A507B /* FeatherweightRouter-iOSTests */,
				737DF5A61D0D6EB200614CC0 /* FeatherweightRouter-macOS */,
				737DF5AF1D0D6EB200614CC0 /* FeatherweightRouter-macOSTests */,
				7349E7981C3DD963004A507B /* FeatherweightRouter-iOSDemo */,
			);
		};
/* End PBXProject section */

/* Begin PBXResourcesBuildPhase section */
		7349E73D1C3DD665004A507B /* Resources */ = {
			isa = PBXResourcesBuildPhase;
			buildActionMask = 2147483647;
			files = (
			);
			runOnlyForDeploymentPostprocessing = 0;
		};
		7349E7761C3DD798004A507B /* Resources */ = {
			isa = PBXResourcesBuildPhase;
			buildActionMask = 2147483647;
			files = (
			);
			runOnlyForDeploymentPostprocessing = 0;
		};
		7349E7971C3DD963004A507B /* Resources */ = {
			isa = PBXResourcesBuildPhase;
			buildActionMask = 2147483647;
			files = (
				7349E7B11C3DDA47004A507B /* LaunchScreen.storyboard in Resources */,
				7386DBB91C5F50FF00D385A9 /* WelcomeView.xib in Resources */,
				7317777F1C68D45400806D29 /* MockView.xib in Resources */,
				7349E7B01C3DDA47004A507B /* Assets.xcassets in Resources */,
			);
			runOnlyForDeploymentPostprocessing = 0;
		};
		737DF5A51D0D6EB200614CC0 /* Resources */ = {
			isa = PBXResourcesBuildPhase;
			buildActionMask = 2147483647;
			files = (
			);
			runOnlyForDeploymentPostprocessing = 0;
		};
		737DF5AE1D0D6EB200614CC0 /* Resources */ = {
			isa = PBXResourcesBuildPhase;
			buildActionMask = 2147483647;
			files = (
			);
			runOnlyForDeploymentPostprocessing = 0;
		};
/* End PBXResourcesBuildPhase section */

/* Begin PBXShellScriptBuildPhase section */
		731837091C5D887C00D5E1C6 /* SwiftLint */ = {
			isa = PBXShellScriptBuildPhase;
			buildActionMask = 2147483647;
			files = (
			);
			inputPaths = (
			);
			name = SwiftLint;
			outputPaths = (
			);
			runOnlyForDeploymentPostprocessing = 0;
			shellPath = /bin/sh;
			shellScript = "if which swiftlint >/dev/null; then\n    swiftlint\nelse\n    echo \"error: SwiftLint not installed, download from https://github.com/realm/SwiftLint\"\nfi";
		};
		737DC1491D0EABA800704F6C /* SwiftLint */ = {
			isa = PBXShellScriptBuildPhase;
			buildActionMask = 2147483647;
			files = (
			);
			inputPaths = (
			);
			name = SwiftLint;
			outputPaths = (
			);
			runOnlyForDeploymentPostprocessing = 0;
			shellPath = /bin/sh;
			shellScript = "if which swiftlint >/dev/null; then\n    swiftlint\nelse\n    echo \"error: SwiftLint not installed, download from https://github.com/realm/SwiftLint\"\nfi";
		};
/* End PBXShellScriptBuildPhase section */

/* Begin PBXSourcesBuildPhase section */
		7349E73A1C3DD665004A507B /* Sources */ = {
			isa = PBXSourcesBuildPhase;
			buildActionMask = 2147483647;
			files = (
				731837011C5D87ED00D5E1C6 /* Array+pickFirst.swift in Sources */,
				731837071C5D87ED00D5E1C6 /* Presenter.swift in Sources */,
				731837061C5D87ED00D5E1C6 /* Router.swift in Sources */,
				731837081C5D87ED00D5E1C6 /* Router+stack.swift in Sources */,
				731837051C5D87ED00D5E1C6 /* Router+route.swift in Sources */,
				737DC13A1D0EA46800704F6C /* CachedPresenter.swift in Sources */,
				731837031C5D87ED00D5E1C6 /* Router+junction.swift in Sources */,
			);
			runOnlyForDeploymentPostprocessing = 0;
		};
		7349E7741C3DD798004A507B /* Sources */ = {
			isa = PBXSourcesBuildPhase;
			buildActionMask = 2147483647;
			files = (
				737DC13D1D0EA69300704F6C /* CachedPresenterTests.swift in Sources */,
				738389051C5D978E001F844F /* StringRegexMatchTests.swift in Sources */,
				737DF5CA1D0DA20400614CC0 /* RouterJunctionTests.swift in Sources */,
				738389071C5D9889001F844F /* RouterTests.swift in Sources */,
				737DF5A11D0D63A900614CC0 /* PresenterTests.swift in Sources */,
				737DC1341D0E68A000704F6C /* RouterRouteTests.swift in Sources */,
				737DC1371D0E918F00704F6C /* RouterStackTests.swift in Sources */,
				7318370D1C5D95D500D5E1C6 /* ArrayPickFirstTests.swift in Sources */,
			);
			runOnlyForDeploymentPostprocessing = 0;
		};
		7349E7951C3DD963004A507B /* Sources */ = {
			isa = PBXSourcesBuildPhase;
			buildActionMask = 2147483647;
			files = (
				73ED167A1C3E2E65003B3827 /* WelcomeViewController.swift in Sources */,
				7349E7B71C3DDAD2004A507B /* AppCoordinator.swift in Sources */,
				731777831C68D8CB00806D29 /* TabBarPresenter.swift in Sources */,
				7317777E1C68D44F00806D29 /* MockViewModel.swift in Sources */,
				73ED16781C3E2E44003B3827 /* WelcomeViewModel.swift in Sources */,
				73612BC51C3E13BD00FD841A /* RegistrationPresenter.swift in Sources */,
				7317777C1C68D44600806D29 /* AboutPresenter.swift in Sources */,
				731777811C68D88800806D29 /* NavigationPresenter.swift in Sources */,
				7349E7BA1C3DDAD2004A507B /* WelcomePresenter.swift in Sources */,
				7317777D1C68D44B00806D29 /* MockViewController.swift in Sources */,
				731777851C68D90F00806D29 /* Step2Presenter.swift in Sources */,
				7386DBBD1C5F5C3E00D385A9 /* UIKit+Extensions.swift in Sources */,
				7349E7B91C3DDAD2004A507B /* AppStore.swift in Sources */,
				7349E79C1C3DD963004A507B /* AppDelegate.swift in Sources */,
				73612BC21C3E129100FD841A /* LoginPresenter.swift in Sources */,
			);
			runOnlyForDeploymentPostprocessing = 0;
		};
		737DF5A21D0D6EB200614CC0 /* Sources */ = {
			isa = PBXSourcesBuildPhase;
			buildActionMask = 2147483647;
			files = (
				737DF5C31D0D6FB700614CC0 /* Presenter.swift in Sources */,
				737DF5C61D0D6FC400614CC0 /* Router+route.swift in Sources */,
				737DF5C41D0D6FC400614CC0 /* Router.swift in Sources */,
				737DF5C51D0D6FC400614CC0 /* Router+junction.swift in Sources */,
				737DF5BE1D0D6F2200614CC0 /* Array+pickFirst.swift in Sources */,
				737DC13B1D0EA46800704F6C /* CachedPresenter.swift in Sources */,
				737DF5C71D0D6FC400614CC0 /* Router+stack.swift in Sources */,
			);
			runOnlyForDeploymentPostprocessing = 0;
		};
		737DF5AC1D0D6EB200614CC0 /* Sources */ = {
			isa = PBXSourcesBuildPhase;
			buildActionMask = 2147483647;
			files = (
				737DC13E1D0EA69300704F6C /* CachedPresenterTests.swift in Sources */,
				737DF5C21D0D6F2900614CC0 /* StringRegexMatchTests.swift in Sources */,
				737DF5CB1D0DA20400614CC0 /* RouterJunctionTests.swift in Sources */,
				737DF5C01D0D6F2900614CC0 /* PresenterTests.swift in Sources */,
				737DF5C11D0D6F2900614CC0 /* RouterTests.swift in Sources */,
				737DC1351D0E68A000704F6C /* RouterRouteTests.swift in Sources */,
				737DC1381D0E918F00704F6C /* RouterStackTests.swift in Sources */,
				737DF5BF1D0D6F2900614CC0 /* ArrayPickFirstTests.swift in Sources */,
			);
			runOnlyForDeploymentPostprocessing = 0;
		};
/* End PBXSourcesBuildPhase section */

/* Begin PBXTargetDependency section */
		7349E77F1C3DD798004A507B /* PBXTargetDependency */ = {
			isa = PBXTargetDependency;
			target = 7349E73E1C3DD665004A507B /* FeatherweightRouter-iOS */;
			targetProxy = 7349E77E1C3DD798004A507B /* PBXContainerItemProxy */;
		};
		737DF5B31D0D6EB200614CC0 /* PBXTargetDependency */ = {
			isa = PBXTargetDependency;
			target = 737DF5A61D0D6EB200614CC0 /* FeatherweightRouter-macOS */;
			targetProxy = 737DF5B21D0D6EB200614CC0 /* PBXContainerItemProxy */;
		};
/* End PBXTargetDependency section */

/* Begin PBXVariantGroup section */
		7349E7AD1C3DDA47004A507B /* LaunchScreen.storyboard */ = {
			isa = PBXVariantGroup;
			children = (
				7349E7AE1C3DDA47004A507B /* Base */,
			);
			name = LaunchScreen.storyboard;
			sourceTree = "<group>";
		};
/* End PBXVariantGroup section */

/* Begin XCBuildConfiguration section */
		7349E7451C3DD665004A507B /* Debug */ = {
			isa = XCBuildConfiguration;
			buildSettings = {
				ALWAYS_SEARCH_USER_PATHS = NO;
				CLANG_ANALYZER_LOCALIZABILITY_EMPTY_CONTEXT = YES;
				CLANG_ANALYZER_LOCALIZABILITY_NONLOCALIZED = YES;
				CLANG_ANALYZER_NONNULL = YES;
				CLANG_ANALYZER_SECURITY_FLOATLOOPCOUNTER = YES;
				CLANG_ANALYZER_SECURITY_INSECUREAPI_RAND = YES;
				CLANG_ANALYZER_SECURITY_INSECUREAPI_STRCPY = YES;
				CLANG_CXX_LANGUAGE_STANDARD = "gnu++0x";
				CLANG_CXX_LIBRARY = "libc++";
				CLANG_ENABLE_MODULES = YES;
				CLANG_ENABLE_OBJC_ARC = YES;
				CLANG_WARN_BOOL_CONVERSION = YES;
				CLANG_WARN_CONSTANT_CONVERSION = YES;
				CLANG_WARN_DIRECT_OBJC_ISA_USAGE = YES_ERROR;
				CLANG_WARN_EMPTY_BODY = YES;
				CLANG_WARN_ENUM_CONVERSION = YES;
				CLANG_WARN_INFINITE_RECURSION = YES;
				CLANG_WARN_INT_CONVERSION = YES;
				CLANG_WARN_OBJC_EXPLICIT_OWNERSHIP_TYPE = YES;
				CLANG_WARN_OBJC_IMPLICIT_RETAIN_SELF = YES;
				CLANG_WARN_OBJC_REPEATED_USE_OF_WEAK = YES;
				CLANG_WARN_OBJC_ROOT_CLASS = YES_ERROR;
				CLANG_WARN_SUSPICIOUS_MOVE = YES;
				CLANG_WARN_UNREACHABLE_CODE = YES;
				CLANG_WARN__DUPLICATE_METHOD_MATCH = YES;
				COMBINE_HIDPI_IMAGES = YES;
				COPY_PHASE_STRIP = NO;
				CURRENT_PROJECT_VERSION = 1;
				DEBUG_INFORMATION_FORMAT = dwarf;
				DEFINES_MODULE = YES;
				DYLIB_COMPATIBILITY_VERSION = 1;
				DYLIB_CURRENT_VERSION = 1;
				DYLIB_INSTALL_NAME_BASE = "@rpath";
				ENABLE_STRICT_OBJC_MSGSEND = YES;
				ENABLE_TESTABILITY = YES;
				GCC_C_LANGUAGE_STANDARD = gnu99;
				GCC_DYNAMIC_NO_PIC = NO;
				GCC_NO_COMMON_BLOCKS = YES;
				GCC_OPTIMIZATION_LEVEL = 0;
				GCC_PREPROCESSOR_DEFINITIONS = (
					"DEBUG=1",
					"$(inherited)",
				);
				GCC_WARN_64_TO_32_BIT_CONVERSION = YES;
				GCC_WARN_ABOUT_RETURN_TYPE = YES_ERROR;
				GCC_WARN_UNDECLARED_SELECTOR = YES;
				GCC_WARN_UNINITIALIZED_AUTOS = YES_AGGRESSIVE;
				GCC_WARN_UNUSED_FUNCTION = YES;
				GCC_WARN_UNUSED_VARIABLE = YES;
				INFOPLIST_FILE = "$(SRCROOT)/Sources/Info.plist";
				INSTALL_PATH = "$(LOCAL_LIBRARY_DIR)/Frameworks";
				IPHONEOS_DEPLOYMENT_TARGET = 8.0;
				LD_RUNPATH_SEARCH_PATHS = "$(inherited) @executable_path/../Frameworks @loader_path/Frameworks";
				MACOSX_DEPLOYMENT_TARGET = 10.10;
				MTL_ENABLE_DEBUG_INFO = YES;
				ONLY_ACTIVE_ARCH = YES;
				PRODUCT_BUNDLE_IDENTIFIER = com.featherweightlabs.FeatherweightRouter;
				PRODUCT_NAME = FeatherweightRouter;
				SDKROOT = iphoneos;
				SKIP_INSTALL = YES;
				SWIFT_OPTIMIZATION_LEVEL = "-Onone";
				TARGETED_DEVICE_FAMILY = "1,2";
				VERSIONING_SYSTEM = "apple-generic";
				VERSION_INFO_PREFIX = "";
			};
			name = Debug;
		};
		7349E7461C3DD665004A507B /* Release */ = {
			isa = XCBuildConfiguration;
			buildSettings = {
				ALWAYS_SEARCH_USER_PATHS = NO;
				CLANG_ANALYZER_LOCALIZABILITY_EMPTY_CONTEXT = YES;
				CLANG_ANALYZER_LOCALIZABILITY_NONLOCALIZED = YES;
				CLANG_ANALYZER_NONNULL = YES;
				CLANG_ANALYZER_SECURITY_FLOATLOOPCOUNTER = YES;
				CLANG_ANALYZER_SECURITY_INSECUREAPI_RAND = YES;
				CLANG_ANALYZER_SECURITY_INSECUREAPI_STRCPY = YES;
				CLANG_CXX_LANGUAGE_STANDARD = "gnu++0x";
				CLANG_CXX_LIBRARY = "libc++";
				CLANG_ENABLE_MODULES = YES;
				CLANG_ENABLE_OBJC_ARC = YES;
				CLANG_WARN_BOOL_CONVERSION = YES;
				CLANG_WARN_CONSTANT_CONVERSION = YES;
				CLANG_WARN_DIRECT_OBJC_ISA_USAGE = YES_ERROR;
				CLANG_WARN_EMPTY_BODY = YES;
				CLANG_WARN_ENUM_CONVERSION = YES;
				CLANG_WARN_INFINITE_RECURSION = YES;
				CLANG_WARN_INT_CONVERSION = YES;
				CLANG_WARN_OBJC_EXPLICIT_OWNERSHIP_TYPE = YES;
				CLANG_WARN_OBJC_IMPLICIT_RETAIN_SELF = YES;
				CLANG_WARN_OBJC_REPEATED_USE_OF_WEAK = YES;
				CLANG_WARN_OBJC_ROOT_CLASS = YES_ERROR;
				CLANG_WARN_SUSPICIOUS_MOVE = YES;
				CLANG_WARN_UNREACHABLE_CODE = YES;
				CLANG_WARN__DUPLICATE_METHOD_MATCH = YES;
				COMBINE_HIDPI_IMAGES = YES;
				COPY_PHASE_STRIP = NO;
				CURRENT_PROJECT_VERSION = 1;
				DEBUG_INFORMATION_FORMAT = "dwarf-with-dsym";
				DEFINES_MODULE = YES;
				DYLIB_COMPATIBILITY_VERSION = 1;
				DYLIB_CURRENT_VERSION = 1;
				DYLIB_INSTALL_NAME_BASE = "@rpath";
				ENABLE_NS_ASSERTIONS = NO;
				ENABLE_STRICT_OBJC_MSGSEND = YES;
				GCC_C_LANGUAGE_STANDARD = gnu99;
				GCC_NO_COMMON_BLOCKS = YES;
				GCC_WARN_64_TO_32_BIT_CONVERSION = YES;
				GCC_WARN_ABOUT_RETURN_TYPE = YES_ERROR;
				GCC_WARN_UNDECLARED_SELECTOR = YES;
				GCC_WARN_UNINITIALIZED_AUTOS = YES_AGGRESSIVE;
				GCC_WARN_UNUSED_FUNCTION = YES;
				GCC_WARN_UNUSED_VARIABLE = YES;
				INFOPLIST_FILE = "$(SRCROOT)/Sources/Info.plist";
				INSTALL_PATH = "$(LOCAL_LIBRARY_DIR)/Frameworks";
				IPHONEOS_DEPLOYMENT_TARGET = 8.0;
				LD_RUNPATH_SEARCH_PATHS = "$(inherited) @executable_path/../Frameworks @loader_path/Frameworks";
				MACOSX_DEPLOYMENT_TARGET = 10.10;
				MTL_ENABLE_DEBUG_INFO = NO;
				PRODUCT_BUNDLE_IDENTIFIER = com.featherweightlabs.FeatherweightRouter;
				PRODUCT_NAME = FeatherweightRouter;
				SDKROOT = iphoneos;
				SKIP_INSTALL = YES;
				SWIFT_OPTIMIZATION_LEVEL = "-Owholemodule";
				TARGETED_DEVICE_FAMILY = "1,2";
				VALIDATE_PRODUCT = YES;
				VERSIONING_SYSTEM = "apple-generic";
				VERSION_INFO_PREFIX = "";
			};
			name = Release;
		};
		7349E7481C3DD665004A507B /* Debug */ = {
			isa = XCBuildConfiguration;
			buildSettings = {
				IPHONEOS_DEPLOYMENT_TARGET = 8.0;
				SWIFT_VERSION = 3.0;
			};
			name = Debug;
		};
		7349E7491C3DD665004A507B /* Release */ = {
			isa = XCBuildConfiguration;
			buildSettings = {
				IPHONEOS_DEPLOYMENT_TARGET = 8.0;
				SWIFT_VERSION = 3.0;
			};
			name = Release;
		};
		7349E7811C3DD798004A507B /* Debug */ = {
			isa = XCBuildConfiguration;
			buildSettings = {
				CLANG_ENABLE_MODULES = YES;
				INFOPLIST_FILE = Tests/Info.plist;
				LD_RUNPATH_SEARCH_PATHS = "$(inherited) @executable_path/Frameworks @loader_path/Frameworks";
				PRODUCT_BUNDLE_IDENTIFIER = com.featherweightlabs.FeatherweightRouterTests;
				PRODUCT_NAME = FeatherweightRouterTests;
				SWIFT_OPTIMIZATION_LEVEL = "-Onone";
				SWIFT_VERSION = 3.0;
			};
			name = Debug;
		};
		7349E7821C3DD798004A507B /* Release */ = {
			isa = XCBuildConfiguration;
			buildSettings = {
				CLANG_ENABLE_MODULES = YES;
				INFOPLIST_FILE = Tests/Info.plist;
				LD_RUNPATH_SEARCH_PATHS = "$(inherited) @executable_path/Frameworks @loader_path/Frameworks";
				PRODUCT_BUNDLE_IDENTIFIER = com.featherweightlabs.FeatherweightRouterTests;
				PRODUCT_NAME = FeatherweightRouterTests;
				SWIFT_VERSION = 3.0;
			};
			name = Release;
		};
		7349E7A91C3DD963004A507B /* Debug */ = {
			isa = XCBuildConfiguration;
			buildSettings = {
				ASSETCATALOG_COMPILER_APPICON_NAME = AppIcon;
				INFOPLIST_FILE = "$(SRCROOT)/Demo/Supporting Files/Info.plist";
				IPHONEOS_DEPLOYMENT_TARGET = 8.0;
				LD_RUNPATH_SEARCH_PATHS = "$(inherited) @executable_path/Frameworks";
				PRODUCT_BUNDLE_IDENTIFIER = com.featherweightlabs.FeatherweightRouterDemo;
				PRODUCT_NAME = FeatherweightRouterDemo;
				SWIFT_VERSION = 3.0;
			};
			name = Debug;
		};
		7349E7AA1C3DD963004A507B /* Release */ = {
			isa = XCBuildConfiguration;
			buildSettings = {
				ASSETCATALOG_COMPILER_APPICON_NAME = AppIcon;
				INFOPLIST_FILE = "$(SRCROOT)/Demo/Supporting Files/Info.plist";
				IPHONEOS_DEPLOYMENT_TARGET = 8.0;
				LD_RUNPATH_SEARCH_PATHS = "$(inherited) @executable_path/Frameworks";
				PRODUCT_BUNDLE_IDENTIFIER = com.featherweightlabs.FeatherweightRouterDemo;
				PRODUCT_NAME = FeatherweightRouterDemo;
				SWIFT_VERSION = 3.0;
			};
			name = Release;
		};
		737DF5B91D0D6EB200614CC0 /* Debug */ = {
			isa = XCBuildConfiguration;
			buildSettings = {
				SDKROOT = macosx;
				SWIFT_VERSION = 3.0;
			};
			name = Debug;
		};
		737DF5BA1D0D6EB200614CC0 /* Release */ = {
			isa = XCBuildConfiguration;
			buildSettings = {
				SDKROOT = macosx;
				SWIFT_VERSION = 3.0;
			};
			name = Release;
		};
		737DF5BC1D0D6EB200614CC0 /* Debug */ = {
			isa = XCBuildConfiguration;
			buildSettings = {
				CLANG_ANALYZER_NONNULL = YES;
				COMBINE_HIDPI_IMAGES = YES;
				INFOPLIST_FILE = Tests/Info.plist;
				LD_RUNPATH_SEARCH_PATHS = "$(inherited) @executable_path/../Frameworks @loader_path/../Frameworks";
				MACOSX_DEPLOYMENT_TARGET = 10.11;
				PRODUCT_BUNDLE_IDENTIFIER = "com.featherweightlabs.FeatherweightRouter-macOSTests";
				PRODUCT_NAME = "FeatherweightRouterTests-macOS";
				SDKROOT = macosx;
				SWIFT_VERSION = 3.0;
			};
			name = Debug;
		};
		737DF5BD1D0D6EB200614CC0 /* Release */ = {
			isa = XCBuildConfiguration;
			buildSettings = {
				CLANG_ANALYZER_NONNULL = YES;
				COMBINE_HIDPI_IMAGES = YES;
				INFOPLIST_FILE = Tests/Info.plist;
				LD_RUNPATH_SEARCH_PATHS = "$(inherited) @executable_path/../Frameworks @loader_path/../Frameworks";
				MACOSX_DEPLOYMENT_TARGET = 10.11;
				PRODUCT_BUNDLE_IDENTIFIER = "com.featherweightlabs.FeatherweightRouter-macOSTests";
				PRODUCT_NAME = "FeatherweightRouterTests-macOS";
				SDKROOT = macosx;
				SWIFT_VERSION = 3.0;
			};
			name = Release;
		};
/* End XCBuildConfiguration section */

/* Begin XCConfigurationList section */
		7349E7391C3DD665004A507B /* Build configuration list for PBXProject "FeatherweightRouter" */ = {
			isa = XCConfigurationList;
			buildConfigurations = (
				7349E7451C3DD665004A507B /* Debug */,
				7349E7461C3DD665004A507B /* Release */,
			);
			defaultConfigurationIsVisible = 0;
			defaultConfigurationName = Release;
		};
		7349E7471C3DD665004A507B /* Build configuration list for PBXNativeTarget "FeatherweightRouter-iOS" */ = {
			isa = XCConfigurationList;
			buildConfigurations = (
				7349E7481C3DD665004A507B /* Debug */,
				7349E7491C3DD665004A507B /* Release */,
			);
			defaultConfigurationIsVisible = 0;
			defaultConfigurationName = Release;
		};
		7349E7801C3DD798004A507B /* Build configuration list for PBXNativeTarget "FeatherweightRouter-iOSTests" */ = {
			isa = XCConfigurationList;
			buildConfigurations = (
				7349E7811C3DD798004A507B /* Debug */,
				7349E7821C3DD798004A507B /* Release */,
			);
			defaultConfigurationIsVisible = 0;
			defaultConfigurationName = Release;
		};
		7349E7A81C3DD963004A507B /* Build configuration list for PBXNativeTarget "FeatherweightRouter-iOSDemo" */ = {
			isa = XCConfigurationList;
			buildConfigurations = (
				7349E7A91C3DD963004A507B /* Debug */,
				7349E7AA1C3DD963004A507B /* Release */,
			);
			defaultConfigurationIsVisible = 0;
			defaultConfigurationName = Release;
		};
		737DF5B81D0D6EB200614CC0 /* Build configuration list for PBXNativeTarget "FeatherweightRouter-macOS" */ = {
			isa = XCConfigurationList;
			buildConfigurations = (
				737DF5B91D0D6EB200614CC0 /* Debug */,
				737DF5BA1D0D6EB200614CC0 /* Release */,
			);
			defaultConfigurationIsVisible = 0;
			defaultConfigurationName = Release;
		};
		737DF5BB1D0D6EB200614CC0 /* Build configuration list for PBXNativeTarget "FeatherweightRouter-macOSTests" */ = {
			isa = XCConfigurationList;
			buildConfigurations = (
				737DF5BC1D0D6EB200614CC0 /* Debug */,
				737DF5BD1D0D6EB200614CC0 /* Release */,
			);
			defaultConfigurationIsVisible = 0;
			defaultConfigurationName = Release;
		};
/* End XCConfigurationList section */
	};
	rootObject = 7349E7361C3DD665004A507B /* Project object */;
}
